
Microsoft Visual Studio Solution File, Format Version 12.00
# Visual Studio Version 17
VisualStudioVersion = 17.5.002.0
MinimumVisualStudioVersion = 10.0.40219.1
Project("{9A19103F-16F7-4668-BE54-9A1E7A4F7556}") = "SuumoScraping", "SuumoScraping.csproj", "{5C691525-822D-4466-9F3D-805D6D3F8896}"
EndProject
Global
	GlobalSection(SolutionConfigurationPlatforms) = preSolution
		Debug|Any CPU = Debug|Any CPU
		Release|Any CPU = Release|Any CPU
	EndGlobalSection
	GlobalSection(ProjectConfigurationPlatforms) = postSolution
		{5C691525-822D-4466-9F3D-805D6D3F8896}.Debug|Any CPU.ActiveCfg = Debug|Any CPU
		{5C691525-822D-4466-9F3D-805D6D3F8896}.Debug|Any CPU.Build.0 = Debug|Any CPU
		{5C691525-822D-4466-9F3D-805D6D3F8896}.Release|Any CPU.ActiveCfg = Release|Any CPU
		{5C691525-822D-4466-9F3D-805D6D3F8896}.Release|Any CPU.Build.0 = Release|Any CPU
	EndGlobalSection
	GlobalSection(SolutionProperties) = preSolution
		HideSolutionNode = FALSE
	EndGlobalSection
	GlobalSection(ExtensibilityGlobals) = postSolution
		SolutionGuid = {5ED174C5-4AB9-4157-8027-6D84F5D9B362}
	EndGlobalSection
EndGlobal
